
Microsoft Visual Studio Solution File, Format Version 12.00
# Visual Studio Version 16
VisualStudioVersion = 16.0.29519.87
MinimumVisualStudioVersion = 10.0.40219.1
Project("{FAE04EC0-301F-11D3-BF4B-00C04F79EFBC}") = "WiproAPI", "WiproAPI\WiproAPI.csproj", "{87FB80EE-830E-4F64-A5FE-49268FEACC48}"
EndProject
Global
	GlobalSection(SolutionConfigurationPlatforms) = preSolution
		Debug|Any CPU = Debug|Any CPU
		Release|Any CPU = Release|Any CPU
	EndGlobalSection
	GlobalSection(ProjectConfigurationPlatforms) = postSolution
		{87FB80EE-830E-4F64-A5FE-49268FEACC48}.Debug|Any CPU.ActiveCfg = Debug|Any CPU
		{87FB80EE-830E-4F64-A5FE-49268FEACC48}.Debug|Any CPU.Build.0 = Debug|Any CPU
		{87FB80EE-830E-4F64-A5FE-49268FEACC48}.Release|Any CPU.ActiveCfg = Release|Any CPU
		{87FB80EE-830E-4F64-A5FE-49268FEACC48}.Release|Any CPU.Build.0 = Release|Any CPU
	EndGlobalSection
	GlobalSection(SolutionProperties) = preSolution
		HideSolutionNode = FALSE
	EndGlobalSection
	GlobalSection(ExtensibilityGlobals) = postSolution
		SolutionGuid = {D3CEF431-98F4-41A6-BEB6-D7C876FAEEEF}
	EndGlobalSection
EndGlobal
